
Microsoft Visual Studio Solution File, Format Version 12.00
# Visual Studio Version 17
VisualStudioVersion = 17.3.32819.101
MinimumVisualStudioVersion = 10.0.40219.1
Project("{FAE04EC0-301F-11D3-BF4B-00C04F79EFBC}") = "VerifyTest", "VerifyTest.csproj", "{1AE5E6B1-47C0-4522-8DAE-84467A723DC9}"
EndProject
Global
	GlobalSection(SolutionConfigurationPlatforms) = preSolution
		Debug|Any CPU = Debug|Any CPU
		Release|Any CPU = Release|Any CPU
	EndGlobalSection
	GlobalSection(ProjectConfigurationPlatforms) = postSolution
		{1AE5E6B1-47C0-4522-8DAE-84467A723DC9}.Debug|Any CPU.ActiveCfg = Debug|Any CPU
		{1AE5E6B1-47C0-4522-8DAE-84467A723DC9}.Debug|Any CPU.Build.0 = Debug|Any CPU
		{1AE5E6B1-47C0-4522-8DAE-84467A723DC9}.Release|Any CPU.ActiveCfg = Release|Any CPU
		{1AE5E6B1-47C0-4522-8DAE-84467A723DC9}.Release|Any CPU.Build.0 = Release|Any CPU
	EndGlobalSection
	GlobalSection(SolutionProperties) = preSolution
		HideSolutionNode = FALSE
	EndGlobalSection
	GlobalSection(ExtensibilityGlobals) = postSolution
		SolutionGuid = {68C577B6-1914-42D3-88DA-0FF98B60B0C2}
	EndGlobalSection
EndGlobal
